{
  "requires": true,
  "lockfileVersion": 1,
  "dependencies": {
    "lodash.defaults": {
      "version": "4.2.0",
      "resolved": "https://registry.npmjs.org/lodash.defaults/-/lodash.defaults-4.2.0.tgz",
      "integrity": "sha1-0JF4cW/+pN3p5ft7N/bwgCJ0WAw="
    },
    "memcache-client": {
      "version": "0.10.1",
      "resolved": "https://registry.npmjs.org/memcache-client/-/memcache-client-0.10.1.tgz",
      "integrity": "sha512-FwKvPmfdce2Pv5qQy/373zsYnU/Wo4SZWOpwXkp49R25NYbwaWOHqzUqgWSLAr/Iyk7hp9sIZnf9j6rVxQmB2A==",
      "requires": {
        "lodash.defaults": "^4.2.0",
        "memcache-parser": "^0.2.7",
        "optional-require": "^1.0.0"
      }
    },
    "memcache-parser": {
      "version": "0.2.8",
      "resolved": "https://registry.npmjs.org/memcache-parser/-/memcache-parser-0.2.8.tgz",
      "integrity": "sha1-Gx/3vlXV1br2JLzU/gOitMkjamQ="
    },
    "optional-require": {
      "version": "1.0.2",
      "resolved": "https://registry.npmjs.org/optional-require/-/optional-require-1.0.2.tgz",
      "integrity": "sha512-HZubVd6IfHsbnpdNF/ICaSAzBUEW1TievpkjY3tB4Jnk8L7+pJ3conPzUt3Mn/6OZx9uzTDOHYPGA8/AxYHBOg=="
    }
  }
}
